# Generated by buf. DO NOT EDIT.
version: v1
deps:
  - remote: buf.build
    owner: protocolbuffers
    repository: wellknowntypes
    commit: 44e83bc050a4497fa7b36b34d95ca156
    digest: shake256:bcdc007a8baabe27bdc06f3c8973bed7bea9faca4b486903a8f65c0492985864143888eb570a956ce4127d6afdaea346cf0393405a8144a1c5d026318c4c254c
